
Microsoft Visual Studio Solution File, Format Version 12.00
# Visual Studio Version 16
VisualStudioVersion = 16.0.33529.622
MinimumVisualStudioVersion = 10.0.40219.1
Project("{9A19103F-16F7-4668-BE54-9A1E7A4F7556}") = "BookBorrowingAPI", "BookBorrowingAPI\BookBorrowingAPI.csproj", "{F38E780D-14BA-4B5B-B8BE-1466965E3FC4}"
EndProject
Project("{FAE04EC0-301F-11D3-BF4B-00C04F79EFBC}") = "BL", "BL\BL.csproj", "{9A1BCFC6-2A4D-4146-BD32-4DCBB2573374}"
EndProject
Project("{FAE04EC0-301F-11D3-BF4B-00C04F79EFBC}") = "DAL", "DAL\DAL.csproj", "{DC4B5706-97DB-4337-9AFF-7D33C53FDE0F}"
EndProject
Project("{FAE04EC0-301F-11D3-BF4B-00C04F79EFBC}") = "Shared", "Shared\Shared.csproj", "{A567DD58-87CC-4875-A6EA-4832D3D6539A}"
EndProject
Global
	GlobalSection(SolutionConfigurationPlatforms) = preSolution
		Debug|Any CPU = Debug|Any CPU
		Release|Any CPU = Release|Any CPU
	EndGlobalSection
	GlobalSection(ProjectConfigurationPlatforms) = postSolution
		{F38E780D-14BA-4B5B-B8BE-1466965E3FC4}.Debug|Any CPU.ActiveCfg = Debug|Any CPU
		{F38E780D-14BA-4B5B-B8BE-1466965E3FC4}.Debug|Any CPU.Build.0 = Debug|Any CPU
		{F38E780D-14BA-4B5B-B8BE-1466965E3FC4}.Release|Any CPU.ActiveCfg = Release|Any CPU
		{F38E780D-14BA-4B5B-B8BE-1466965E3FC4}.Release|Any CPU.Build.0 = Release|Any CPU
		{9A1BCFC6-2A4D-4146-BD32-4DCBB2573374}.Debug|Any CPU.ActiveCfg = Debug|Any CPU
		{9A1BCFC6-2A4D-4146-BD32-4DCBB2573374}.Debug|Any CPU.Build.0 = Debug|Any CPU
		{9A1BCFC6-2A4D-4146-BD32-4DCBB2573374}.Release|Any CPU.ActiveCfg = Release|Any CPU
		{9A1BCFC6-2A4D-4146-BD32-4DCBB2573374}.Release|Any CPU.Build.0 = Release|Any CPU
		{DC4B5706-97DB-4337-9AFF-7D33C53FDE0F}.Debug|Any CPU.ActiveCfg = Debug|Any CPU
		{DC4B5706-97DB-4337-9AFF-7D33C53FDE0F}.Debug|Any CPU.Build.0 = Debug|Any CPU
		{DC4B5706-97DB-4337-9AFF-7D33C53FDE0F}.Release|Any CPU.ActiveCfg = Release|Any CPU
		{DC4B5706-97DB-4337-9AFF-7D33C53FDE0F}.Release|Any CPU.Build.0 = Release|Any CPU
		{A567DD58-87CC-4875-A6EA-4832D3D6539A}.Debug|Any CPU.ActiveCfg = Debug|Any CPU
		{A567DD58-87CC-4875-A6EA-4832D3D6539A}.Debug|Any CPU.Build.0 = Debug|Any CPU
		{A567DD58-87CC-4875-A6EA-4832D3D6539A}.Release|Any CPU.ActiveCfg = Release|Any CPU
		{A567DD58-87CC-4875-A6EA-4832D3D6539A}.Release|Any CPU.Build.0 = Release|Any CPU
	EndGlobalSection
	GlobalSection(SolutionProperties) = preSolution
		HideSolutionNode = FALSE
	EndGlobalSection
	GlobalSection(ExtensibilityGlobals) = postSolution
		SolutionGuid = {A2364187-4E42-4F7D-83DA-B37EF709D837}
	EndGlobalSection
EndGlobal
